
Microsoft Visual Studio Solution File, Format Version 12.00
# Visual Studio 15
VisualStudioVersion = 15.0.27004.2008
MinimumVisualStudioVersion = 10.0.40219.1
Project("{F14B399A-7131-4C87-9E4B-1186C45EF12D}") = "ServiceReports", "ServiceReports.rptproj", "{58D9D712-D9F1-4293-8D9A-89254C45A7DF}"
EndProject
Global
	GlobalSection(SolutionConfigurationPlatforms) = preSolution
		Debug|Default = Debug|Default
		DebugLocal|Default = DebugLocal|Default
		Release|Default = Release|Default
	EndGlobalSection
	GlobalSection(ProjectConfigurationPlatforms) = postSolution
		{58D9D712-D9F1-4293-8D9A-89254C45A7DF}.Debug|Default.ActiveCfg = Debug
		{58D9D712-D9F1-4293-8D9A-89254C45A7DF}.Debug|Default.Build.0 = Debug
		{58D9D712-D9F1-4293-8D9A-89254C45A7DF}.Debug|Default.Deploy.0 = Debug
		{58D9D712-D9F1-4293-8D9A-89254C45A7DF}.DebugLocal|Default.ActiveCfg = DebugLocal
		{58D9D712-D9F1-4293-8D9A-89254C45A7DF}.DebugLocal|Default.Build.0 = DebugLocal
		{58D9D712-D9F1-4293-8D9A-89254C45A7DF}.Release|Default.ActiveCfg = Release
		{58D9D712-D9F1-4293-8D9A-89254C45A7DF}.Release|Default.Build.0 = Release
		{58D9D712-D9F1-4293-8D9A-89254C45A7DF}.Release|Default.Deploy.0 = Release
	EndGlobalSection
	GlobalSection(SolutionProperties) = preSolution
		HideSolutionNode = FALSE
	EndGlobalSection
	GlobalSection(ExtensibilityGlobals) = postSolution
		SolutionGuid = {1BDB8DF1-B50D-4474-B21A-545D67D25F35}
	EndGlobalSection
EndGlobal
